
Microsoft Visual Studio Solution File, Format Version 12.00
# Visual Studio 15
VisualStudioVersion = 15.0.28307.572
MinimumVisualStudioVersion = 10.0.40219.1
Project("{FAE04EC0-301F-11D3-BF4B-00C04F79EFBC}") = "svg2ico", "svg2ico.csproj", "{F273DECC-60E8-4B4A-9A02-B3C3DE20EB2A}"
EndProject
Global
	GlobalSection(SolutionConfigurationPlatforms) = preSolution
		Debug|Any CPU = Debug|Any CPU
		Release|Any CPU = Release|Any CPU
	EndGlobalSection
	GlobalSection(ProjectConfigurationPlatforms) = postSolution
		{F273DECC-60E8-4B4A-9A02-B3C3DE20EB2A}.Debug|Any CPU.ActiveCfg = Debug|Any CPU
		{F273DECC-60E8-4B4A-9A02-B3C3DE20EB2A}.Debug|Any CPU.Build.0 = Debug|Any CPU
		{F273DECC-60E8-4B4A-9A02-B3C3DE20EB2A}.Release|Any CPU.ActiveCfg = Release|Any CPU
		{F273DECC-60E8-4B4A-9A02-B3C3DE20EB2A}.Release|Any CPU.Build.0 = Release|Any CPU
	EndGlobalSection
	GlobalSection(SolutionProperties) = preSolution
		HideSolutionNode = FALSE
	EndGlobalSection
	GlobalSection(ExtensibilityGlobals) = postSolution
		SolutionGuid = {39CD62EB-2D91-46F4-B534-D05DA9E7935A}
	EndGlobalSection
EndGlobal
